// !$*UTF8*$!
{
	archiveVersion = 1;
	classes = {
	};
	objectVersion = 46;
	objects = {

/* Begin PBXBuildFile section */
		076D04781E2D32870023ED96 /* StaffView.swift in Sources */ = {isa = PBXBuildFile; fileRef = 076D04771E2D32870023ED96 /* StaffView.swift */; };
		076D04791E2D32870023ED96 /* StaffView.swift in Sources */ = {isa = PBXBuildFile; fileRef = 076D04771E2D32870023ED96 /* StaffView.swift */; };
		076D047E1E2D32B10023ED96 /* StaffInformationRenderer.swift in Sources */ = {isa = PBXBuildFile; fileRef = 076D047D1E2D32B10023ED96 /* StaffInformationRenderer.swift */; };
		076D047F1E2D32B10023ED96 /* StaffInformationRenderer.swift in Sources */ = {isa = PBXBuildFile; fileRef = 076D047D1E2D32B10023ED96 /* StaffInformationRenderer.swift */; };
		076D04811E2D32BB0023ED96 /* StaffStructureRenderer.swift in Sources */ = {isa = PBXBuildFile; fileRef = 076D04801E2D32BB0023ED96 /* StaffStructureRenderer.swift */; };
		076D04821E2D32BB0023ED96 /* StaffStructureRenderer.swift in Sources */ = {isa = PBXBuildFile; fileRef = 076D04801E2D32BB0023ED96 /* StaffStructureRenderer.swift */; };
		076D049D1E2D3EFB0023ED96 /* StaffInformationConfiguration.swift in Sources */ = {isa = PBXBuildFile; fileRef = 076D049C1E2D3EFB0023ED96 /* StaffInformationConfiguration.swift */; };
		076D049E1E2D3EFB0023ED96 /* StaffInformationConfiguration.swift in Sources */ = {isa = PBXBuildFile; fileRef = 076D049C1E2D3EFB0023ED96 /* StaffInformationConfiguration.swift */; };
		076D04A01E2D3F120023ED96 /* StaffStructureConfiguration.swift in Sources */ = {isa = PBXBuildFile; fileRef = 076D049F1E2D3F120023ED96 /* StaffStructureConfiguration.swift */; };
		076D04A11E2D3F120023ED96 /* StaffStructureConfiguration.swift in Sources */ = {isa = PBXBuildFile; fileRef = 076D049F1E2D3F120023ED96 /* StaffStructureConfiguration.swift */; };
		076D04B81E2D43D60023ED96 /* AccidentalView.swift in Sources */ = {isa = PBXBuildFile; fileRef = 076D04A51E2D43D60023ED96 /* AccidentalView.swift */; };
		076D04B91E2D43D60023ED96 /* AccidentalView.swift in Sources */ = {isa = PBXBuildFile; fileRef = 076D04A51E2D43D60023ED96 /* AccidentalView.swift */; };
		076D04BA1E2D43D60023ED96 /* AccidentalComponent.swift in Sources */ = {isa = PBXBuildFile; fileRef = 076D04A61E2D43D60023ED96 /* AccidentalComponent.swift */; };
		076D04BB1E2D43D60023ED96 /* AccidentalComponent.swift in Sources */ = {isa = PBXBuildFile; fileRef = 076D04A61E2D43D60023ED96 /* AccidentalComponent.swift */; };
		076D04BC1E2D43D60023ED96 /* AccidentalFactory.swift in Sources */ = {isa = PBXBuildFile; fileRef = 076D04A71E2D43D60023ED96 /* AccidentalFactory.swift */; };
		076D04BD1E2D43D60023ED96 /* AccidentalFactory.swift in Sources */ = {isa = PBXBuildFile; fileRef = 076D04A71E2D43D60023ED96 /* AccidentalFactory.swift */; };
		076D04BE1E2D43D60023ED96 /* Flat.swift in Sources */ = {isa = PBXBuildFile; fileRef = 076D04A81E2D43D60023ED96 /* Flat.swift */; };
		076D04BF1E2D43D60023ED96 /* Flat.swift in Sources */ = {isa = PBXBuildFile; fileRef = 076D04A81E2D43D60023ED96 /* Flat.swift */; };
		076D04C01E2D43D60023ED96 /* FlatDown.swift in Sources */ = {isa = PBXBuildFile; fileRef = 076D04A91E2D43D60023ED96 /* FlatDown.swift */; };
		076D04C11E2D43D60023ED96 /* FlatDown.swift in Sources */ = {isa = PBXBuildFile; fileRef = 076D04A91E2D43D60023ED96 /* FlatDown.swift */; };
		076D04C21E2D43D60023ED96 /* FlatUp.swift in Sources */ = {isa = PBXBuildFile; fileRef = 076D04AA1E2D43D60023ED96 /* FlatUp.swift */; };
		076D04C31E2D43D60023ED96 /* FlatUp.swift in Sources */ = {isa = PBXBuildFile; fileRef = 076D04AA1E2D43D60023ED96 /* FlatUp.swift */; };
		076D04C41E2D43D60023ED96 /* Natural.swift in Sources */ = {isa = PBXBuildFile; fileRef = 076D04AB1E2D43D60023ED96 /* Natural.swift */; };
		076D04C51E2D43D60023ED96 /* Natural.swift in Sources */ = {isa = PBXBuildFile; fileRef = 076D04AB1E2D43D60023ED96 /* Natural.swift */; };
		076D04C61E2D43D60023ED96 /* NaturalDown.swift in Sources */ = {isa = PBXBuildFile; fileRef = 076D04AC1E2D43D60023ED96 /* NaturalDown.swift */; };
		076D04C71E2D43D60023ED96 /* NaturalDown.swift in Sources */ = {isa = PBXBuildFile; fileRef = 076D04AC1E2D43D60023ED96 /* NaturalDown.swift */; };
		076D04C81E2D43D60023ED96 /* NaturalUp.swift in Sources */ = {isa = PBXBuildFile; fileRef = 076D04AD1E2D43D60023ED96 /* NaturalUp.swift */; };
		076D04C91E2D43D60023ED96 /* NaturalUp.swift in Sources */ = {isa = PBXBuildFile; fileRef = 076D04AD1E2D43D60023ED96 /* NaturalUp.swift */; };
		076D04CA1E2D43D60023ED96 /* QuarterFlat.swift in Sources */ = {isa = PBXBuildFile; fileRef = 076D04AE1E2D43D60023ED96 /* QuarterFlat.swift */; };
		076D04CB1E2D43D60023ED96 /* QuarterFlat.swift in Sources */ = {isa = PBXBuildFile; fileRef = 076D04AE1E2D43D60023ED96 /* QuarterFlat.swift */; };
		076D04CC1E2D43D60023ED96 /* QuarterFlatDown.swift in Sources */ = {isa = PBXBuildFile; fileRef = 076D04AF1E2D43D60023ED96 /* QuarterFlatDown.swift */; };
		076D04CD1E2D43D60023ED96 /* QuarterFlatDown.swift in Sources */ = {isa = PBXBuildFile; fileRef = 076D04AF1E2D43D60023ED96 /* QuarterFlatDown.swift */; };
		076D04CE1E2D43D60023ED96 /* QuarterFlatUp.swift in Sources */ = {isa = PBXBuildFile; fileRef = 076D04B01E2D43D60023ED96 /* QuarterFlatUp.swift */; };
		076D04CF1E2D43D60023ED96 /* QuarterFlatUp.swift in Sources */ = {isa = PBXBuildFile; fileRef = 076D04B01E2D43D60023ED96 /* QuarterFlatUp.swift */; };
		076D04D01E2D43D60023ED96 /* QuarterSharp.swift in Sources */ = {isa = PBXBuildFile; fileRef = 076D04B11E2D43D60023ED96 /* QuarterSharp.swift */; };
		076D04D11E2D43D60023ED96 /* QuarterSharp.swift in Sources */ = {isa = PBXBuildFile; fileRef = 076D04B11E2D43D60023ED96 /* QuarterSharp.swift */; };
		076D04D21E2D43D60023ED96 /* QuarterSharpDown.swift in Sources */ = {isa = PBXBuildFile; fileRef = 076D04B21E2D43D60023ED96 /* QuarterSharpDown.swift */; };
		076D04D31E2D43D60023ED96 /* QuarterSharpDown.swift in Sources */ = {isa = PBXBuildFile; fileRef = 076D04B21E2D43D60023ED96 /* QuarterSharpDown.swift */; };
		076D04D41E2D43D60023ED96 /* QuarterSharpUp.swift in Sources */ = {isa = PBXBuildFile; fileRef = 076D04B31E2D43D60023ED96 /* QuarterSharpUp.swift */; };
		076D04D51E2D43D60023ED96 /* QuarterSharpUp.swift in Sources */ = {isa = PBXBuildFile; fileRef = 076D04B31E2D43D60023ED96 /* QuarterSharpUp.swift */; };
		076D04D61E2D43D60023ED96 /* Sharp.swift in Sources */ = {isa = PBXBuildFile; fileRef = 076D04B41E2D43D60023ED96 /* Sharp.swift */; };
		076D04D71E2D43D60023ED96 /* Sharp.swift in Sources */ = {isa = PBXBuildFile; fileRef = 076D04B41E2D43D60023ED96 /* Sharp.swift */; };
		076D04D81E2D43D60023ED96 /* SharpDown.swift in Sources */ = {isa = PBXBuildFile; fileRef = 076D04B51E2D43D60023ED96 /* SharpDown.swift */; };
		076D04D91E2D43D60023ED96 /* SharpDown.swift in Sources */ = {isa = PBXBuildFile; fileRef = 076D04B51E2D43D60023ED96 /* SharpDown.swift */; };
		076D04DA1E2D43D60023ED96 /* SharpType.swift in Sources */ = {isa = PBXBuildFile; fileRef = 076D04B61E2D43D60023ED96 /* SharpType.swift */; };
		076D04DB1E2D43D60023ED96 /* SharpType.swift in Sources */ = {isa = PBXBuildFile; fileRef = 076D04B61E2D43D60023ED96 /* SharpType.swift */; };
		076D04DC1E2D43D60023ED96 /* SharpUp.swift in Sources */ = {isa = PBXBuildFile; fileRef = 076D04B71E2D43D60023ED96 /* SharpUp.swift */; };
		076D04DD1E2D43D60023ED96 /* SharpUp.swift in Sources */ = {isa = PBXBuildFile; fileRef = 076D04B71E2D43D60023ED96 /* SharpUp.swift */; };
		076D04E91E2D45690023ED96 /* AltoClef.swift in Sources */ = {isa = PBXBuildFile; fileRef = 076D04DE1E2D45690023ED96 /* AltoClef.swift */; };
		076D04EA1E2D45690023ED96 /* AltoClef.swift in Sources */ = {isa = PBXBuildFile; fileRef = 076D04DE1E2D45690023ED96 /* AltoClef.swift */; };
		076D04EB1E2D45690023ED96 /* BassClef.swift in Sources */ = {isa = PBXBuildFile; fileRef = 076D04DF1E2D45690023ED96 /* BassClef.swift */; };
		076D04EC1E2D45690023ED96 /* BassClef.swift in Sources */ = {isa = PBXBuildFile; fileRef = 076D04DF1E2D45690023ED96 /* BassClef.swift */; };
		076D04ED1E2D45690023ED96 /* CircleClefComponent.swift in Sources */ = {isa = PBXBuildFile; fileRef = 076D04E01E2D45690023ED96 /* CircleClefComponent.swift */; };
		076D04EE1E2D45690023ED96 /* CircleClefComponent.swift in Sources */ = {isa = PBXBuildFile; fileRef = 076D04E01E2D45690023ED96 /* CircleClefComponent.swift */; };
		076D04EF1E2D45690023ED96 /* CircleClefOrnament.swift in Sources */ = {isa = PBXBuildFile; fileRef = 076D04E11E2D45690023ED96 /* CircleClefOrnament.swift */; };
		076D04F01E2D45690023ED96 /* CircleClefOrnament.swift in Sources */ = {isa = PBXBuildFile; fileRef = 076D04E11E2D45690023ED96 /* CircleClefOrnament.swift */; };
		076D04F11E2D45690023ED96 /* ClefComponent.swift in Sources */ = {isa = PBXBuildFile; fileRef = 076D04E21E2D45690023ED96 /* ClefComponent.swift */; };
		076D04F21E2D45690023ED96 /* ClefComponent.swift in Sources */ = {isa = PBXBuildFile; fileRef = 076D04E21E2D45690023ED96 /* ClefComponent.swift */; };
		076D04F51E2D45690023ED96 /* DiamondClefOrnament.swift in Sources */ = {isa = PBXBuildFile; fileRef = 076D04E41E2D45690023ED96 /* DiamondClefOrnament.swift */; };
		076D04F61E2D45690023ED96 /* DiamondClefOrnament.swift in Sources */ = {isa = PBXBuildFile; fileRef = 076D04E41E2D45690023ED96 /* DiamondClefOrnament.swift */; };
		076D04F71E2D45690023ED96 /* DotClefOrnament.swift in Sources */ = {isa = PBXBuildFile; fileRef = 076D04E51E2D45690023ED96 /* DotClefOrnament.swift */; };
		076D04F81E2D45690023ED96 /* DotClefOrnament.swift in Sources */ = {isa = PBXBuildFile; fileRef = 076D04E51E2D45690023ED96 /* DotClefOrnament.swift */; };
		076D04F91E2D45690023ED96 /* LineClefComponent.swift in Sources */ = {isa = PBXBuildFile; fileRef = 076D04E61E2D45690023ED96 /* LineClefComponent.swift */; };
		076D04FA1E2D45690023ED96 /* LineClefComponent.swift in Sources */ = {isa = PBXBuildFile; fileRef = 076D04E61E2D45690023ED96 /* LineClefComponent.swift */; };
		076D04FB1E2D45690023ED96 /* TenorClef.swift in Sources */ = {isa = PBXBuildFile; fileRef = 076D04E71E2D45690023ED96 /* TenorClef.swift */; };
		076D04FC1E2D45690023ED96 /* TenorClef.swift in Sources */ = {isa = PBXBuildFile; fileRef = 076D04E71E2D45690023ED96 /* TenorClef.swift */; };
		076D04FD1E2D45690023ED96 /* TrebleClef.swift in Sources */ = {isa = PBXBuildFile; fileRef = 076D04E81E2D45690023ED96 /* TrebleClef.swift */; };
		076D04FE1E2D45690023ED96 /* TrebleClef.swift in Sources */ = {isa = PBXBuildFile; fileRef = 076D04E81E2D45690023ED96 /* TrebleClef.swift */; };
		076D05001E2D46380023ED96 /* ClefView.swift in Sources */ = {isa = PBXBuildFile; fileRef = 076D04FF1E2D46380023ED96 /* ClefView.swift */; };
		076D05011E2D46380023ED96 /* ClefView.swift in Sources */ = {isa = PBXBuildFile; fileRef = 076D04FF1E2D46380023ED96 /* ClefView.swift */; };
		076D05031E2D481C0023ED96 /* NoteheadView.swift in Sources */ = {isa = PBXBuildFile; fileRef = 076D05021E2D481C0023ED96 /* NoteheadView.swift */; };
		076D05041E2D481C0023ED96 /* NoteheadView.swift in Sources */ = {isa = PBXBuildFile; fileRef = 076D05021E2D481C0023ED96 /* NoteheadView.swift */; };
		076D05061E2D493E0023ED96 /* LedgerLineRenderDelegate.swift in Sources */ = {isa = PBXBuildFile; fileRef = 076D05051E2D493E0023ED96 /* LedgerLineRenderDelegate.swift */; };
		076D05071E2D493E0023ED96 /* LedgerLineRenderDelegate.swift in Sources */ = {isa = PBXBuildFile; fileRef = 076D05051E2D493E0023ED96 /* LedgerLineRenderDelegate.swift */; };
		076D05091E2D4E050023ED96 /* StaffRepresentedPitch.swift in Sources */ = {isa = PBXBuildFile; fileRef = 076D05081E2D4E050023ED96 /* StaffRepresentedPitch.swift */; };
		076D050A1E2D4E050023ED96 /* StaffRepresentedPitch.swift in Sources */ = {isa = PBXBuildFile; fileRef = 076D05081E2D4E050023ED96 /* StaffRepresentedPitch.swift */; };
		07FFE8C91E2E85E400023FFC /* StaffConfiguration.swift in Sources */ = {isa = PBXBuildFile; fileRef = 07FFE8C81E2E85E400023FFC /* StaffConfiguration.swift */; };
		07FFE8CA1E2E85E400023FFC /* StaffConfiguration.swift in Sources */ = {isa = PBXBuildFile; fileRef = 07FFE8C81E2E85E400023FFC /* StaffConfiguration.swift */; };
		07FFE8CC1E2E862800023FFC /* StaffSlotHeight.swift in Sources */ = {isa = PBXBuildFile; fileRef = 07FFE8CB1E2E862800023FFC /* StaffSlotHeight.swift */; };
		07FFE8CD1E2E862800023FFC /* StaffSlotHeight.swift in Sources */ = {isa = PBXBuildFile; fileRef = 07FFE8CB1E2E862800023FFC /* StaffSlotHeight.swift */; };
		1996FC81D379F7AEAF7D1369 /* Cocoa.framework in Frameworks */ = {isa = PBXBuildFile; fileRef = 3919256C7525A0E03C5E63BF /* Cocoa.framework */; };
		4CB4DD7E8AD8C1CEDF1117C0 /* Foundation.framework in Frameworks */ = {isa = PBXBuildFile; fileRef = DB674A640E0221D687A517C3 /* Foundation.framework */; };
		9A2361F86AFD3EED7358B9A8 /* Foundation.framework in Frameworks */ = {isa = PBXBuildFile; fileRef = DB674A640E0221D687A517C3 /* Foundation.framework */; };
		A0D2801A86CA6519C5B30ADA /* StaffView.h in Headers */ = {isa = PBXBuildFile; fileRef = 6D250794C6778FE3F74BCD9E /* StaffView.h */; settings = {ATTRIBUTES = (Public, ); }; };
		AAD6E70AA8E99FBE1AF221AE /* StaffView.h in Headers */ = {isa = PBXBuildFile; fileRef = 6D250794C6778FE3F74BCD9E /* StaffView.h */; settings = {ATTRIBUTES = (Public, ); }; };
		C938C49EBAC47DEC355E7A34 /* Cocoa.framework in Frameworks */ = {isa = PBXBuildFile; fileRef = 3919256C7525A0E03C5E63BF /* Cocoa.framework */; };
/* End PBXBuildFile section */

/* Begin PBXContainerItemProxy section */
		A6870483698A7BBAD26761F9 /* PBXContainerItemProxy */ = {
			isa = PBXContainerItemProxy;
			containerPortal = 784E4F6ECD541EDEC5CFB81F /* Project object */;
			proxyType = 1;
			remoteGlobalIDString = E4A69BA995D67FD467B26097;
			remoteInfo = "StaffView macOS";
		};
		FBF06667C78D3E68850CB156 /* PBXContainerItemProxy */ = {
			isa = PBXContainerItemProxy;
			containerPortal = 784E4F6ECD541EDEC5CFB81F /* Project object */;
			proxyType = 1;
			remoteGlobalIDString = 9B3370F75911AE3B7EF357ED;
			remoteInfo = "StaffView iOS";
		};
/* End PBXContainerItemProxy section */

/* Begin PBXFileReference section */
		011480B1B9E225B515CD20C5 /* StaffView.framework */ = {isa = PBXFileReference; explicitFileType = wrapper.framework; includeInIndex = 0; path = StaffView.framework; sourceTree = BUILT_PRODUCTS_DIR; };
		076D04771E2D32870023ED96 /* StaffView.swift */ = {isa = PBXFileReference; fileEncoding = 4; lastKnownFileType = sourcecode.swift; name = StaffView.swift; path = StaffView/StaffView.swift; sourceTree = "<group>"; };
		076D047D1E2D32B10023ED96 /* StaffInformationRenderer.swift */ = {isa = PBXFileReference; fileEncoding = 4; lastKnownFileType = sourcecode.swift; name = StaffInformationRenderer.swift; path = StaffView/StaffInformationRenderer.swift; sourceTree = "<group>"; };
		076D04801E2D32BB0023ED96 /* StaffStructureRenderer.swift */ = {isa = PBXFileReference; fileEncoding = 4; lastKnownFileType = sourcecode.swift; name = StaffStructureRenderer.swift; path = StaffView/StaffStructureRenderer.swift; sourceTree = "<group>"; };
		076D049C1E2D3EFB0023ED96 /* StaffInformationConfiguration.swift */ = {isa = PBXFileReference; fileEncoding = 4; lastKnownFileType = sourcecode.swift; name = StaffInformationConfiguration.swift; path = StaffView/StaffInformationConfiguration.swift; sourceTree = "<group>"; };
		076D049F1E2D3F120023ED96 /* StaffStructureConfiguration.swift */ = {isa = PBXFileReference; fileEncoding = 4; lastKnownFileType = sourcecode.swift; name = StaffStructureConfiguration.swift; path = StaffView/StaffStructureConfiguration.swift; sourceTree = "<group>"; };
		076D04A51E2D43D60023ED96 /* AccidentalView.swift */ = {isa = PBXFileReference; fileEncoding = 4; lastKnownFileType = sourcecode.swift; name = AccidentalView.swift; path = StaffView/AccidentalView.swift; sourceTree = "<group>"; };
		076D04A61E2D43D60023ED96 /* AccidentalComponent.swift */ = {isa = PBXFileReference; fileEncoding = 4; lastKnownFileType = sourcecode.swift; name = AccidentalComponent.swift; path = StaffView/AccidentalComponent.swift; sourceTree = "<group>"; };
		076D04A71E2D43D60023ED96 /* AccidentalFactory.swift */ = {isa = PBXFileReference; fileEncoding = 4; lastKnownFileType = sourcecode.swift; name = AccidentalFactory.swift; path = StaffView/AccidentalFactory.swift; sourceTree = "<group>"; };
		076D04A81E2D43D60023ED96 /* Flat.swift */ = {isa = PBXFileReference; fileEncoding = 4; lastKnownFileType = sourcecode.swift; name = Flat.swift; path = StaffView/Flat.swift; sourceTree = "<group>"; };
		076D04A91E2D43D60023ED96 /* FlatDown.swift */ = {isa = PBXFileReference; fileEncoding = 4; lastKnownFileType = sourcecode.swift; name = FlatDown.swift; path = StaffView/FlatDown.swift; sourceTree = "<group>"; };
		076D04AA1E2D43D60023ED96 /* FlatUp.swift */ = {isa = PBXFileReference; fileEncoding = 4; lastKnownFileType = sourcecode.swift; name = FlatUp.swift; path = StaffView/FlatUp.swift; sourceTree = "<group>"; };
		076D04AB1E2D43D60023ED96 /* Natural.swift */ = {isa = PBXFileReference; fileEncoding = 4; lastKnownFileType = sourcecode.swift; name = Natural.swift; path = StaffView/Natural.swift; sourceTree = "<group>"; };
		076D04AC1E2D43D60023ED96 /* NaturalDown.swift */ = {isa = PBXFileReference; fileEncoding = 4; lastKnownFileType = sourcecode.swift; name = NaturalDown.swift; path = StaffView/NaturalDown.swift; sourceTree = "<group>"; };
		076D04AD1E2D43D60023ED96 /* NaturalUp.swift */ = {isa = PBXFileReference; fileEncoding = 4; lastKnownFileType = sourcecode.swift; name = NaturalUp.swift; path = StaffView/NaturalUp.swift; sourceTree = "<group>"; };
		076D04AE1E2D43D60023ED96 /* QuarterFlat.swift */ = {isa = PBXFileReference; fileEncoding = 4; lastKnownFileType = sourcecode.swift; name = QuarterFlat.swift; path = StaffView/QuarterFlat.swift; sourceTree = "<group>"; };
		076D04AF1E2D43D60023ED96 /* QuarterFlatDown.swift */ = {isa = PBXFileReference; fileEncoding = 4; lastKnownFileType = sourcecode.swift; name = QuarterFlatDown.swift; path = StaffView/QuarterFlatDown.swift; sourceTree = "<group>"; };
		076D04B01E2D43D60023ED96 /* QuarterFlatUp.swift */ = {isa = PBXFileReference; fileEncoding = 4; lastKnownFileType = sourcecode.swift; name = QuarterFlatUp.swift; path = StaffView/QuarterFlatUp.swift; sourceTree = "<group>"; };
		076D04B11E2D43D60023ED96 /* QuarterSharp.swift */ = {isa = PBXFileReference; fileEncoding = 4; lastKnownFileType = sourcecode.swift; name = QuarterSharp.swift; path = StaffView/QuarterSharp.swift; sourceTree = "<group>"; };
		076D04B21E2D43D60023ED96 /* QuarterSharpDown.swift */ = {isa = PBXFileReference; fileEncoding = 4; lastKnownFileType = sourcecode.swift; name = QuarterSharpDown.swift; path = StaffView/QuarterSharpDown.swift; sourceTree = "<group>"; };
		076D04B31E2D43D60023ED96 /* QuarterSharpUp.swift */ = {isa = PBXFileReference; fileEncoding = 4; lastKnownFileType = sourcecode.swift; name = QuarterSharpUp.swift; path = StaffView/QuarterSharpUp.swift; sourceTree = "<group>"; };
		076D04B41E2D43D60023ED96 /* Sharp.swift */ = {isa = PBXFileReference; fileEncoding = 4; lastKnownFileType = sourcecode.swift; name = Sharp.swift; path = StaffView/Sharp.swift; sourceTree = "<group>"; };
		076D04B51E2D43D60023ED96 /* SharpDown.swift */ = {isa = PBXFileReference; fileEncoding = 4; lastKnownFileType = sourcecode.swift; name = SharpDown.swift; path = StaffView/SharpDown.swift; sourceTree = "<group>"; };
		076D04B61E2D43D60023ED96 /* SharpType.swift */ = {isa = PBXFileReference; fileEncoding = 4; lastKnownFileType = sourcecode.swift; name = SharpType.swift; path = StaffView/SharpType.swift; sourceTree = "<group>"; };
		076D04B71E2D43D60023ED96 /* SharpUp.swift */ = {isa = PBXFileReference; fileEncoding = 4; lastKnownFileType = sourcecode.swift; name = SharpUp.swift; path = StaffView/SharpUp.swift; sourceTree = "<group>"; };
		076D04DE1E2D45690023ED96 /* AltoClef.swift */ = {isa = PBXFileReference; fileEncoding = 4; lastKnownFileType = sourcecode.swift; name = AltoClef.swift; path = StaffView/AltoClef.swift; sourceTree = "<group>"; };
		076D04DF1E2D45690023ED96 /* BassClef.swift */ = {isa = PBXFileReference; fileEncoding = 4; lastKnownFileType = sourcecode.swift; name = BassClef.swift; path = StaffView/BassClef.swift; sourceTree = "<group>"; };
		076D04E01E2D45690023ED96 /* CircleClefComponent.swift */ = {isa = PBXFileReference; fileEncoding = 4; lastKnownFileType = sourcecode.swift; name = CircleClefComponent.swift; path = StaffView/CircleClefComponent.swift; sourceTree = "<group>"; };
		076D04E11E2D45690023ED96 /* CircleClefOrnament.swift */ = {isa = PBXFileReference; fileEncoding = 4; lastKnownFileType = sourcecode.swift; name = CircleClefOrnament.swift; path = StaffView/CircleClefOrnament.swift; sourceTree = "<group>"; };
		076D04E21E2D45690023ED96 /* ClefComponent.swift */ = {isa = PBXFileReference; fileEncoding = 4; lastKnownFileType = sourcecode.swift; name = ClefComponent.swift; path = StaffView/ClefComponent.swift; sourceTree = "<group>"; };
		076D04E41E2D45690023ED96 /* DiamondClefOrnament.swift */ = {isa = PBXFileReference; fileEncoding = 4; lastKnownFileType = sourcecode.swift; name = DiamondClefOrnament.swift; path = StaffView/DiamondClefOrnament.swift; sourceTree = "<group>"; };
		076D04E51E2D45690023ED96 /* DotClefOrnament.swift */ = {isa = PBXFileReference; fileEncoding = 4; lastKnownFileType = sourcecode.swift; name = DotClefOrnament.swift; path = StaffView/DotClefOrnament.swift; sourceTree = "<group>"; };
		076D04E61E2D45690023ED96 /* LineClefComponent.swift */ = {isa = PBXFileReference; fileEncoding = 4; lastKnownFileType = sourcecode.swift; name = LineClefComponent.swift; path = StaffView/LineClefComponent.swift; sourceTree = "<group>"; };
		076D04E71E2D45690023ED96 /* TenorClef.swift */ = {isa = PBXFileReference; fileEncoding = 4; lastKnownFileType = sourcecode.swift; name = TenorClef.swift; path = StaffView/TenorClef.swift; sourceTree = "<group>"; };
		076D04E81E2D45690023ED96 /* TrebleClef.swift */ = {isa = PBXFileReference; fileEncoding = 4; lastKnownFileType = sourcecode.swift; name = TrebleClef.swift; path = StaffView/TrebleClef.swift; sourceTree = "<group>"; };
		076D04FF1E2D46380023ED96 /* ClefView.swift */ = {isa = PBXFileReference; fileEncoding = 4; lastKnownFileType = sourcecode.swift; name = ClefView.swift; path = StaffView/ClefView.swift; sourceTree = "<group>"; };
		076D05021E2D481C0023ED96 /* NoteheadView.swift */ = {isa = PBXFileReference; fileEncoding = 4; lastKnownFileType = sourcecode.swift; name = NoteheadView.swift; path = StaffView/NoteheadView.swift; sourceTree = "<group>"; };
		076D05051E2D493E0023ED96 /* LedgerLineRenderDelegate.swift */ = {isa = PBXFileReference; fileEncoding = 4; lastKnownFileType = sourcecode.swift; name = LedgerLineRenderDelegate.swift; path = StaffView/LedgerLineRenderDelegate.swift; sourceTree = "<group>"; };
		076D05081E2D4E050023ED96 /* StaffRepresentedPitch.swift */ = {isa = PBXFileReference; fileEncoding = 4; lastKnownFileType = sourcecode.swift; name = StaffRepresentedPitch.swift; path = StaffView/StaffRepresentedPitch.swift; sourceTree = "<group>"; };
		07FFE8C81E2E85E400023FFC /* StaffConfiguration.swift */ = {isa = PBXFileReference; fileEncoding = 4; lastKnownFileType = sourcecode.swift; name = StaffConfiguration.swift; path = StaffView/StaffConfiguration.swift; sourceTree = "<group>"; };
		07FFE8CB1E2E862800023FFC /* StaffSlotHeight.swift */ = {isa = PBXFileReference; fileEncoding = 4; lastKnownFileType = sourcecode.swift; name = StaffSlotHeight.swift; path = StaffView/StaffSlotHeight.swift; sourceTree = "<group>"; };
		3919256C7525A0E03C5E63BF /* Cocoa.framework */ = {isa = PBXFileReference; lastKnownFileType = wrapper.framework; name = Cocoa.framework; path = Platforms/MacOSX.platform/Developer/SDKs/MacOSX10.12.sdk/System/Library/Frameworks/Cocoa.framework; sourceTree = DEVELOPER_DIR; };
		3B106DDC8F2F03ED3F7EE075 /* StaffView iOS Tests.xctest */ = {isa = PBXFileReference; explicitFileType = wrapper.cfbundle; includeInIndex = 0; path = "StaffView iOS Tests.xctest"; sourceTree = BUILT_PRODUCTS_DIR; };
		500875C5E63DA13A41385EB5 /* StaffView.framework */ = {isa = PBXFileReference; explicitFileType = wrapper.framework; includeInIndex = 0; path = StaffView.framework; sourceTree = BUILT_PRODUCTS_DIR; };
		6D250794C6778FE3F74BCD9E /* StaffView.h */ = {isa = PBXFileReference; includeInIndex = 1; lastKnownFileType = sourcecode.c.h; name = StaffView.h; path = StaffView/StaffView.h; sourceTree = "<group>"; };
		78A135726D1E591EE8B7898C /* Info.plist */ = {isa = PBXFileReference; includeInIndex = 1; lastKnownFileType = text.plist.xml; name = Info.plist; path = StaffViewTests/Info.plist; sourceTree = "<group>"; };
		A82D52BF7B18A8C113C0DBA8 /* StaffView macOS Tests.xctest */ = {isa = PBXFileReference; explicitFileType = wrapper.cfbundle; includeInIndex = 0; path = "StaffView macOS Tests.xctest"; sourceTree = BUILT_PRODUCTS_DIR; };
		C131EDE7E9BC408F427BB5B7 /* Info.plist */ = {isa = PBXFileReference; includeInIndex = 1; lastKnownFileType = text.plist.xml; name = Info.plist; path = StaffView/Info.plist; sourceTree = "<group>"; };
		DB674A640E0221D687A517C3 /* Foundation.framework */ = {isa = PBXFileReference; lastKnownFileType = wrapper.framework; name = Foundation.framework; path = Platforms/iPhoneOS.platform/Developer/SDKs/iPhoneOS10.0.sdk/System/Library/Frameworks/Foundation.framework; sourceTree = DEVELOPER_DIR; };
/* End PBXFileReference section */

/* Begin PBXFrameworksBuildPhase section */
		0CDFE19475C99FB02F7E1390 /* Frameworks */ = {
			isa = PBXFrameworksBuildPhase;
			buildActionMask = 2147483647;
			files = (
				4CB4DD7E8AD8C1CEDF1117C0 /* Foundation.framework in Frameworks */,
			);
			runOnlyForDeploymentPostprocessing = 0;
		};
		0D4A704B4550388AEB940CB0 /* Frameworks */ = {
			isa = PBXFrameworksBuildPhase;
			buildActionMask = 2147483647;
			files = (
				C938C49EBAC47DEC355E7A34 /* Cocoa.framework in Frameworks */,
			);
			runOnlyForDeploymentPostprocessing = 0;
		};
		3369EE0656480725B84BBB01 /* Frameworks */ = {
			isa = PBXFrameworksBuildPhase;
			buildActionMask = 2147483647;
			files = (
				9A2361F86AFD3EED7358B9A8 /* Foundation.framework in Frameworks */,
			);
			runOnlyForDeploymentPostprocessing = 0;
		};
		D615A94E42A2B4616EB613C1 /* Frameworks */ = {
			isa = PBXFrameworksBuildPhase;
			buildActionMask = 2147483647;
			files = (
				1996FC81D379F7AEAF7D1369 /* Cocoa.framework in Frameworks */,
			);
			runOnlyForDeploymentPostprocessing = 0;
		};
/* End PBXFrameworksBuildPhase section */

/* Begin PBXGroup section */
		076D04A21E2D43640023ED96 /* Clef */ = {
			isa = PBXGroup;
			children = (
				076D04DE1E2D45690023ED96 /* AltoClef.swift */,
				076D04DF1E2D45690023ED96 /* BassClef.swift */,
				076D04E01E2D45690023ED96 /* CircleClefComponent.swift */,
				076D04E11E2D45690023ED96 /* CircleClefOrnament.swift */,
				076D04E21E2D45690023ED96 /* ClefComponent.swift */,
				076D04E41E2D45690023ED96 /* DiamondClefOrnament.swift */,
				076D04E51E2D45690023ED96 /* DotClefOrnament.swift */,
				076D04E61E2D45690023ED96 /* LineClefComponent.swift */,
				076D04E71E2D45690023ED96 /* TenorClef.swift */,
				076D04E81E2D45690023ED96 /* TrebleClef.swift */,
				076D04FF1E2D46380023ED96 /* ClefView.swift */,
			);
			name = Clef;
			sourceTree = "<group>";
		};
		076D04A31E2D43710023ED96 /* Accidental */ = {
			isa = PBXGroup;
			children = (
				076D04A51E2D43D60023ED96 /* AccidentalView.swift */,
				076D04A61E2D43D60023ED96 /* AccidentalComponent.swift */,
				076D04A71E2D43D60023ED96 /* AccidentalFactory.swift */,
				076D04A81E2D43D60023ED96 /* Flat.swift */,
				076D04A91E2D43D60023ED96 /* FlatDown.swift */,
				076D04AA1E2D43D60023ED96 /* FlatUp.swift */,
				076D04AB1E2D43D60023ED96 /* Natural.swift */,
				076D04AC1E2D43D60023ED96 /* NaturalDown.swift */,
				076D04AD1E2D43D60023ED96 /* NaturalUp.swift */,
				076D04AE1E2D43D60023ED96 /* QuarterFlat.swift */,
				076D04AF1E2D43D60023ED96 /* QuarterFlatDown.swift */,
				076D04B01E2D43D60023ED96 /* QuarterFlatUp.swift */,
				076D04B11E2D43D60023ED96 /* QuarterSharp.swift */,
				076D04B21E2D43D60023ED96 /* QuarterSharpDown.swift */,
				076D04B31E2D43D60023ED96 /* QuarterSharpUp.swift */,
				076D04B41E2D43D60023ED96 /* Sharp.swift */,
				076D04B51E2D43D60023ED96 /* SharpDown.swift */,
				076D04B61E2D43D60023ED96 /* SharpType.swift */,
				076D04B71E2D43D60023ED96 /* SharpUp.swift */,
			);
			name = Accidental;
			sourceTree = "<group>";
		};
		076D04A41E2D43770023ED96 /* Notehead */ = {
			isa = PBXGroup;
			children = (
				076D05021E2D481C0023ED96 /* NoteheadView.swift */,
			);
			name = Notehead;
			sourceTree = "<group>";
		};
		17CAC6C263E92247D79516ED /* iOS */ = {
			isa = PBXGroup;
			children = (
				DB674A640E0221D687A517C3 /* Foundation.framework */,
			);
			name = iOS;
			sourceTree = "<group>";
		};
		42AC5A3986B11A6CC328E34E /* Products */ = {
			isa = PBXGroup;
			children = (
				500875C5E63DA13A41385EB5 /* StaffView.framework */,
				3B106DDC8F2F03ED3F7EE075 /* StaffView iOS Tests.xctest */,
				011480B1B9E225B515CD20C5 /* StaffView.framework */,
				A82D52BF7B18A8C113C0DBA8 /* StaffView macOS Tests.xctest */,
			);
			name = Products;
			sourceTree = "<group>";
		};
		55079FAF9C4B8E789A9F11CA = {
			isa = PBXGroup;
			children = (
				42AC5A3986B11A6CC328E34E /* Products */,
				F2E8506C0CC88EF53879345D /* Frameworks */,
				AF09B49D23F9E253B613C9C5 /* StaffView */,
				974D86A2A019C3113805BD93 /* StaffViewTests */,
				6D250794C6778FE3F74BCD9E /* StaffView.h */,
			);
			sourceTree = "<group>";
		};
		82CA29FA49AB6EA1EAB39E95 /* OS X */ = {
			isa = PBXGroup;
			children = (
				3919256C7525A0E03C5E63BF /* Cocoa.framework */,
			);
			name = "OS X";
			sourceTree = "<group>";
		};
		93A8E6EE8C78D26491C95E7B /* Supporting Files */ = {
			isa = PBXGroup;
			children = (
				78A135726D1E591EE8B7898C /* Info.plist */,
			);
			name = "Supporting Files";
			sourceTree = "<group>";
		};
		974D86A2A019C3113805BD93 /* StaffViewTests */ = {
			isa = PBXGroup;
			children = (
				93A8E6EE8C78D26491C95E7B /* Supporting Files */,
			);
			name = StaffViewTests;
			sourceTree = "<group>";
		};
		AF09B49D23F9E253B613C9C5 /* StaffView */ = {
			isa = PBXGroup;
			children = (
				F83B90CEC209B3E190D6780A /* Supporting Files */,
				076D04771E2D32870023ED96 /* StaffView.swift */,
				07FFE8CB1E2E862800023FFC /* StaffSlotHeight.swift */,
				07FFE8C81E2E85E400023FFC /* StaffConfiguration.swift */,
				076D047D1E2D32B10023ED96 /* StaffInformationRenderer.swift */,
				076D04801E2D32BB0023ED96 /* StaffStructureRenderer.swift */,
				076D049C1E2D3EFB0023ED96 /* StaffInformationConfiguration.swift */,
				076D049F1E2D3F120023ED96 /* StaffStructureConfiguration.swift */,
				076D05051E2D493E0023ED96 /* LedgerLineRenderDelegate.swift */,
				076D05081E2D4E050023ED96 /* StaffRepresentedPitch.swift */,
				076D04A21E2D43640023ED96 /* Clef */,
				076D04A41E2D43770023ED96 /* Notehead */,
				076D04A31E2D43710023ED96 /* Accidental */,
			);
			name = StaffView;
			sourceTree = "<group>";
		};
		F2E8506C0CC88EF53879345D /* Frameworks */ = {
			isa = PBXGroup;
			children = (
				17CAC6C263E92247D79516ED /* iOS */,
				82CA29FA49AB6EA1EAB39E95 /* OS X */,
			);
			name = Frameworks;
			sourceTree = "<group>";
		};
		F83B90CEC209B3E190D6780A /* Supporting Files */ = {
			isa = PBXGroup;
			children = (
				C131EDE7E9BC408F427BB5B7 /* Info.plist */,
			);
			name = "Supporting Files";
			sourceTree = "<group>";
		};
/* End PBXGroup section */

/* Begin PBXHeadersBuildPhase section */
		665F288BDF09C9E5D6EAD544 /* Headers */ = {
			isa = PBXHeadersBuildPhase;
			buildActionMask = 2147483647;
			files = (
				A0D2801A86CA6519C5B30ADA /* StaffView.h in Headers */,
			);
			runOnlyForDeploymentPostprocessing = 0;
		};
		AB653C4663F97BFE3ECD04CE /* Headers */ = {
			isa = PBXHeadersBuildPhase;
			buildActionMask = 2147483647;
			files = (
				AAD6E70AA8E99FBE1AF221AE /* StaffView.h in Headers */,
			);
			runOnlyForDeploymentPostprocessing = 0;
		};
/* End PBXHeadersBuildPhase section */

/* Begin PBXNativeTarget section */
		4927A255575C3FC5C979C29C /* StaffView iOS Tests */ = {
			isa = PBXNativeTarget;
			buildConfigurationList = ED4435F0A73602ACE7E9F7C8 /* Build configuration list for PBXNativeTarget "StaffView iOS Tests" */;
			buildPhases = (
				ACFB539A95A6B7577D4ACBF7 /* Sources */,
				3369EE0656480725B84BBB01 /* Frameworks */,
				3DA323E343EC5C64B0502AEF /* ShellScript */,
			);
			buildRules = (
			);
			dependencies = (
				78A896EED6D613793EA28FE1 /* PBXTargetDependency */,
			);
			name = "StaffView iOS Tests";
			productName = "StaffView iOS Tests";
			productReference = 3B106DDC8F2F03ED3F7EE075 /* StaffView iOS Tests.xctest */;
			productType = "com.apple.product-type.bundle.unit-test";
		};
		9B3370F75911AE3B7EF357ED /* StaffView iOS */ = {
			isa = PBXNativeTarget;
			buildConfigurationList = B0712E3F0470F89F958745B4 /* Build configuration list for PBXNativeTarget "StaffView iOS" */;
			buildPhases = (
				DF9DE75C923150A6CC3165C9 /* Sources */,
				0CDFE19475C99FB02F7E1390 /* Frameworks */,
				665F288BDF09C9E5D6EAD544 /* Headers */,
			);
			buildRules = (
			);
			dependencies = (
			);
			name = "StaffView iOS";
			productName = "StaffView iOS";
			productReference = 500875C5E63DA13A41385EB5 /* StaffView.framework */;
			productType = "com.apple.product-type.framework";
		};
		BA0B86FF0AECFA2B05B160D4 /* StaffView macOS Tests */ = {
			isa = PBXNativeTarget;
			buildConfigurationList = 1FA7416DA530650F5635085F /* Build configuration list for PBXNativeTarget "StaffView macOS Tests" */;
			buildPhases = (
				70A7700280D7B95A7E8111C0 /* Sources */,
				D615A94E42A2B4616EB613C1 /* Frameworks */,
				0F859F4CBFF7C7C63DF16019 /* ShellScript */,
			);
			buildRules = (
			);
			dependencies = (
				EBFBCEFA9AC1F25227E0D0CF /* PBXTargetDependency */,
			);
			name = "StaffView macOS Tests";
			productName = "StaffView macOS Tests";
			productReference = A82D52BF7B18A8C113C0DBA8 /* StaffView macOS Tests.xctest */;
			productType = "com.apple.product-type.bundle.unit-test";
		};
		E4A69BA995D67FD467B26097 /* StaffView macOS */ = {
			isa = PBXNativeTarget;
			buildConfigurationList = EBE4EA6CAC6A0C4BD00889AC /* Build configuration list for PBXNativeTarget "StaffView macOS" */;
			buildPhases = (
				C94BA0AD601CBC7BC1E72397 /* Sources */,
				0D4A704B4550388AEB940CB0 /* Frameworks */,
				AB653C4663F97BFE3ECD04CE /* Headers */,
			);
			buildRules = (
			);
			dependencies = (
			);
			name = "StaffView macOS";
			productName = "StaffView macOS";
			productReference = 011480B1B9E225B515CD20C5 /* StaffView.framework */;
			productType = "com.apple.product-type.framework";
		};
/* End PBXNativeTarget section */

/* Begin PBXProject section */
		784E4F6ECD541EDEC5CFB81F /* Project object */ = {
			isa = PBXProject;
			attributes = {
				LastSwiftUpdateCheck = 0730;
				LastUpgradeCheck = 0700;
				TargetAttributes = {
					9B3370F75911AE3B7EF357ED = {
						LastSwiftMigration = 0820;
					};
					E4A69BA995D67FD467B26097 = {
						LastSwiftMigration = 0820;
					};
				};
			};
			buildConfigurationList = 16276C044865B7F7FA6ADA68 /* Build configuration list for PBXProject "StaffView" */;
			compatibilityVersion = "Xcode 3.2";
			developmentRegion = English;
			hasScannedForEncodings = 0;
			knownRegions = (
				en,
			);
			mainGroup = 55079FAF9C4B8E789A9F11CA;
			productRefGroup = 42AC5A3986B11A6CC328E34E /* Products */;
			projectDirPath = "";
			projectRoot = "";
			targets = (
				9B3370F75911AE3B7EF357ED /* StaffView iOS */,
				4927A255575C3FC5C979C29C /* StaffView iOS Tests */,
				E4A69BA995D67FD467B26097 /* StaffView macOS */,
				BA0B86FF0AECFA2B05B160D4 /* StaffView macOS Tests */,
			);
		};
/* End PBXProject section */

/* Begin PBXShellScriptBuildPhase section */
		0F859F4CBFF7C7C63DF16019 /* ShellScript */ = {
			isa = PBXShellScriptBuildPhase;
			buildActionMask = 2147483647;
			files = (
			);
			inputPaths = (
				"$(SRCROOT)/Carthage/Build/Mac/ArithmeticTools.framework",
				"$(SRCROOT)/Carthage/Build/Mac/Articulations.framework",
				"$(SRCROOT)/Carthage/Build/Mac/Collections.framework",
				"$(SRCROOT)/Carthage/Build/Mac/GraphicsTools.framework",
				"$(SRCROOT)/Carthage/Build/Mac/PathTools.framework",
				"$(SRCROOT)/Carthage/Build/Mac/Pitch.framework",
				"$(SRCROOT)/Carthage/Build/Mac/PitchSpellingTools.framework",
				"$(SRCROOT)/Carthage/Build/Mac/PlotModel.framework",
				"$(SRCROOT)/Carthage/Build/Mac/PlotView.framework",
				"$(SRCROOT)/Carthage/Build/Mac/StaffModel.framework",
			);
			outputPaths = (
			);
			runOnlyForDeploymentPostprocessing = 0;
			shellPath = /bin/sh;
			shellScript = "/usr/local/bin/carthage copy-frameworks";
		};
		3DA323E343EC5C64B0502AEF /* ShellScript */ = {
			isa = PBXShellScriptBuildPhase;
			buildActionMask = 2147483647;
			files = (
			);
			inputPaths = (
				"$(SRCROOT)/Carthage/Build/iOS/ArithmeticTools.framework",
				"$(SRCROOT)/Carthage/Build/iOS/Articulations.framework",
				"$(SRCROOT)/Carthage/Build/iOS/Collections.framework",
				"$(SRCROOT)/Carthage/Build/iOS/GraphicsTools.framework",
				"$(SRCROOT)/Carthage/Build/iOS/PathTools.framework",
				"$(SRCROOT)/Carthage/Build/iOS/Pitch.framework",
				"$(SRCROOT)/Carthage/Build/iOS/PitchSpellingTools.framework",
				"$(SRCROOT)/Carthage/Build/iOS/PlotModel.framework",
				"$(SRCROOT)/Carthage/Build/iOS/PlotView.framework",
				"$(SRCROOT)/Carthage/Build/iOS/StaffModel.framework",
			);
			outputPaths = (
			);
			runOnlyForDeploymentPostprocessing = 0;
			shellPath = /bin/sh;
			shellScript = "/usr/local/bin/carthage copy-frameworks";
		};
/* End PBXShellScriptBuildPhase section */

/* Begin PBXSourcesBuildPhase section */
		70A7700280D7B95A7E8111C0 /* Sources */ = {
			isa = PBXSourcesBuildPhase;
			buildActionMask = 2147483647;
			files = (
			);
			runOnlyForDeploymentPostprocessing = 0;
		};
		ACFB539A95A6B7577D4ACBF7 /* Sources */ = {
			isa = PBXSourcesBuildPhase;
			buildActionMask = 2147483647;
			files = (
			);
			runOnlyForDeploymentPostprocessing = 0;
		};
		C94BA0AD601CBC7BC1E72397 /* Sources */ = {
			isa = PBXSourcesBuildPhase;
			buildActionMask = 2147483647;
			files = (
				076D04F01E2D45690023ED96 /* CircleClefOrnament.swift in Sources */,
				076D04FC1E2D45690023ED96 /* TenorClef.swift in Sources */,
				076D04C91E2D43D60023ED96 /* NaturalUp.swift in Sources */,
				076D04EA1E2D45690023ED96 /* AltoClef.swift in Sources */,
				07FFE8CA1E2E85E400023FFC /* StaffConfiguration.swift in Sources */,
				076D05041E2D481C0023ED96 /* NoteheadView.swift in Sources */,
				076D04EC1E2D45690023ED96 /* BassClef.swift in Sources */,
				076D04CF1E2D43D60023ED96 /* QuarterFlatUp.swift in Sources */,
				076D047F1E2D32B10023ED96 /* StaffInformationRenderer.swift in Sources */,
				076D04BF1E2D43D60023ED96 /* Flat.swift in Sources */,
				076D04EE1E2D45690023ED96 /* CircleClefComponent.swift in Sources */,
				076D04C31E2D43D60023ED96 /* FlatUp.swift in Sources */,
				076D04FE1E2D45690023ED96 /* TrebleClef.swift in Sources */,
				076D04F81E2D45690023ED96 /* DotClefOrnament.swift in Sources */,
				076D050A1E2D4E050023ED96 /* StaffRepresentedPitch.swift in Sources */,
				07FFE8CD1E2E862800023FFC /* StaffSlotHeight.swift in Sources */,
				076D04791E2D32870023ED96 /* StaffView.swift in Sources */,
				076D04CD1E2D43D60023ED96 /* QuarterFlatDown.swift in Sources */,
				076D04B91E2D43D60023ED96 /* AccidentalView.swift in Sources */,
				076D04F21E2D45690023ED96 /* ClefComponent.swift in Sources */,
				076D04F61E2D45690023ED96 /* DiamondClefOrnament.swift in Sources */,
				076D04CB1E2D43D60023ED96 /* QuarterFlat.swift in Sources */,
				076D05071E2D493E0023ED96 /* LedgerLineRenderDelegate.swift in Sources */,
				076D04DB1E2D43D60023ED96 /* SharpType.swift in Sources */,
				076D04DD1E2D43D60023ED96 /* SharpUp.swift in Sources */,
				076D04C51E2D43D60023ED96 /* Natural.swift in Sources */,
				076D04D91E2D43D60023ED96 /* SharpDown.swift in Sources */,
				076D04A11E2D3F120023ED96 /* StaffStructureConfiguration.swift in Sources */,
				076D04D11E2D43D60023ED96 /* QuarterSharp.swift in Sources */,
				076D04C11E2D43D60023ED96 /* FlatDown.swift in Sources */,
				076D04821E2D32BB0023ED96 /* StaffStructureRenderer.swift in Sources */,
				076D049E1E2D3EFB0023ED96 /* StaffInformationConfiguration.swift in Sources */,
				076D05011E2D46380023ED96 /* ClefView.swift in Sources */,
				076D04C71E2D43D60023ED96 /* NaturalDown.swift in Sources */,
				076D04BD1E2D43D60023ED96 /* AccidentalFactory.swift in Sources */,
				076D04D71E2D43D60023ED96 /* Sharp.swift in Sources */,
				076D04BB1E2D43D60023ED96 /* AccidentalComponent.swift in Sources */,
				076D04D51E2D43D60023ED96 /* QuarterSharpUp.swift in Sources */,
				076D04D31E2D43D60023ED96 /* QuarterSharpDown.swift in Sources */,
				076D04FA1E2D45690023ED96 /* LineClefComponent.swift in Sources */,
			);
			runOnlyForDeploymentPostprocessing = 0;
		};
		DF9DE75C923150A6CC3165C9 /* Sources */ = {
			isa = PBXSourcesBuildPhase;
			buildActionMask = 2147483647;
			files = (
				076D04EF1E2D45690023ED96 /* CircleClefOrnament.swift in Sources */,
				076D04FB1E2D45690023ED96 /* TenorClef.swift in Sources */,
				076D04C81E2D43D60023ED96 /* NaturalUp.swift in Sources */,
				076D04E91E2D45690023ED96 /* AltoClef.swift in Sources */,
				07FFE8C91E2E85E400023FFC /* StaffConfiguration.swift in Sources */,
				076D05031E2D481C0023ED96 /* NoteheadView.swift in Sources */,
				076D04EB1E2D45690023ED96 /* BassClef.swift in Sources */,
				076D04CE1E2D43D60023ED96 /* QuarterFlatUp.swift in Sources */,
				076D047E1E2D32B10023ED96 /* StaffInformationRenderer.swift in Sources */,
				076D04BE1E2D43D60023ED96 /* Flat.swift in Sources */,
				076D04ED1E2D45690023ED96 /* CircleClefComponent.swift in Sources */,
				076D04C21E2D43D60023ED96 /* FlatUp.swift in Sources */,
				076D04FD1E2D45690023ED96 /* TrebleClef.swift in Sources */,
				076D04F71E2D45690023ED96 /* DotClefOrnament.swift in Sources */,
				076D05091E2D4E050023ED96 /* StaffRepresentedPitch.swift in Sources */,
				07FFE8CC1E2E862800023FFC /* StaffSlotHeight.swift in Sources */,
				076D04781E2D32870023ED96 /* StaffView.swift in Sources */,
				076D04CC1E2D43D60023ED96 /* QuarterFlatDown.swift in Sources */,
				076D04B81E2D43D60023ED96 /* AccidentalView.swift in Sources */,
				076D04F11E2D45690023ED96 /* ClefComponent.swift in Sources */,
				076D04F51E2D45690023ED96 /* DiamondClefOrnament.swift in Sources */,
				076D04CA1E2D43D60023ED96 /* QuarterFlat.swift in Sources */,
				076D05061E2D493E0023ED96 /* LedgerLineRenderDelegate.swift in Sources */,
				076D04DA1E2D43D60023ED96 /* SharpType.swift in Sources */,
				076D04DC1E2D43D60023ED96 /* SharpUp.swift in Sources */,
				076D04C41E2D43D60023ED96 /* Natural.swift in Sources */,
				076D04D81E2D43D60023ED96 /* SharpDown.swift in Sources */,
				076D04A01E2D3F120023ED96 /* StaffStructureConfiguration.swift in Sources */,
				076D04D01E2D43D60023ED96 /* QuarterSharp.swift in Sources */,
				076D04C01E2D43D60023ED96 /* FlatDown.swift in Sources */,
				076D04811E2D32BB0023ED96 /* StaffStructureRenderer.swift in Sources */,
				076D049D1E2D3EFB0023ED96 /* StaffInformationConfiguration.swift in Sources */,
				076D05001E2D46380023ED96 /* ClefView.swift in Sources */,
				076D04C61E2D43D60023ED96 /* NaturalDown.swift in Sources */,
				076D04BC1E2D43D60023ED96 /* AccidentalFactory.swift in Sources */,
				076D04D61E2D43D60023ED96 /* Sharp.swift in Sources */,
				076D04BA1E2D43D60023ED96 /* AccidentalComponent.swift in Sources */,
				076D04D41E2D43D60023ED96 /* QuarterSharpUp.swift in Sources */,
				076D04D21E2D43D60023ED96 /* QuarterSharpDown.swift in Sources */,
				076D04F91E2D45690023ED96 /* LineClefComponent.swift in Sources */,
			);
			runOnlyForDeploymentPostprocessing = 0;
		};
/* End PBXSourcesBuildPhase section */

/* Begin PBXTargetDependency section */
		78A896EED6D613793EA28FE1 /* PBXTargetDependency */ = {
			isa = PBXTargetDependency;
			name = "StaffView iOS";
			target = 9B3370F75911AE3B7EF357ED /* StaffView iOS */;
			targetProxy = FBF06667C78D3E68850CB156 /* PBXContainerItemProxy */;
		};
		EBFBCEFA9AC1F25227E0D0CF /* PBXTargetDependency */ = {
			isa = PBXTargetDependency;
			name = "StaffView macOS";
			target = E4A69BA995D67FD467B26097 /* StaffView macOS */;
			targetProxy = A6870483698A7BBAD26761F9 /* PBXContainerItemProxy */;
		};
/* End PBXTargetDependency section */

/* Begin XCBuildConfiguration section */
		0E1C4154A7245EAA684E36B0 /* Debug */ = {
			isa = XCBuildConfiguration;
			buildSettings = {
				ALWAYS_EMBED_SWIFT_STANDARD_LIBRARIES = NO;
				CLANG_ENABLE_MODULES = YES;
				CODE_SIGN_IDENTITY = "-";
				"CODE_SIGN_IDENTITY[sdk=iphoneos*]" = "-";
				COMBINE_HIDPI_IMAGES = YES;
				CURRENT_PROJECT_VERSION = 1;
				DEBUG_INFORMATION_FORMAT = dwarf;
				DEFINES_MODULE = YES;
				DYLIB_COMPATIBILITY_VERSION = 1;
				DYLIB_CURRENT_VERSION = 1;
				DYLIB_INSTALL_NAME_BASE = "@rpath";
				ENABLE_STRICT_OBJC_MSGSEND = YES;
				FRAMEWORK_SEARCH_PATHS = "$(SRCROOT)/Carthage/Build/Mac";
				FRAMEWORK_VERSION = A;
				GCC_NO_COMMON_BLOCKS = YES;
				INFOPLIST_FILE = StaffView/Info.plist;
				INSTALL_PATH = "$(LOCAL_LIBRARY_DIR)/Frameworks";
				LD_RUNPATH_SEARCH_PATHS = "$(inherited) @executable_path/../Frameworks @loader_path/Frameworks";
				MACOSX_DEPLOYMENT_TARGET = 10.9;
				MTL_ENABLE_DEBUG_INFO = YES;
				PRODUCT_BUNDLE_IDENTIFIER = "com.dn-m.StaffView";
				PRODUCT_NAME = StaffView;
				SDKROOT = macosx;
				SKIP_INSTALL = YES;
				SWIFT_OPTIMIZATION_LEVEL = "-Onone";
				SWIFT_VERSION = 3.0;
				VERSIONING_SYSTEM = "apple-generic";
				VERSION_INFO_PREFIX = "";
			};
			name = Debug;
		};
		2A0E49EF255471555D6B57F1 /* Debug */ = {
			isa = XCBuildConfiguration;
			buildSettings = {
				ALWAYS_EMBED_SWIFT_STANDARD_LIBRARIES = YES;
				COMBINE_HIDPI_IMAGES = YES;
				DEBUG_INFORMATION_FORMAT = dwarf;
				ENABLE_STRICT_OBJC_MSGSEND = YES;
				FRAMEWORK_SEARCH_PATHS = "$(SRCROOT)/Carthage/Build/iOS";
				GCC_NO_COMMON_BLOCKS = YES;
				INFOPLIST_FILE = StaffViewTests/Info.plist;
				IPHONEOS_DEPLOYMENT_TARGET = 8.4;
				LD_RUNPATH_SEARCH_PATHS = "$(inherited) @executable_path/Frameworks @loader_path/Frameworks $(SRCROOT)/Carthage/Build/iOS";
				MTL_ENABLE_DEBUG_INFO = YES;
				PRODUCT_NAME = "$(TARGET_NAME)";
				SDKROOT = iphoneos;
			};
			name = Debug;
		};
		349EEEB40F57B99D360796F5 /* Release */ = {
			isa = XCBuildConfiguration;
			buildSettings = {
				ALWAYS_EMBED_SWIFT_STANDARD_LIBRARIES = YES;
				COMBINE_HIDPI_IMAGES = YES;
				DEBUG_INFORMATION_FORMAT = "dwarf-with-dsym";
				ENABLE_STRICT_OBJC_MSGSEND = YES;
				FRAMEWORK_SEARCH_PATHS = "$(SRCROOT)/Carthage/Build/iOS";
				GCC_NO_COMMON_BLOCKS = YES;
				INFOPLIST_FILE = StaffViewTests/Info.plist;
				IPHONEOS_DEPLOYMENT_TARGET = 8.4;
				LD_RUNPATH_SEARCH_PATHS = "$(inherited) @executable_path/Frameworks @loader_path/Frameworks $(SRCROOT)/Carthage/Build/iOS";
				MTL_ENABLE_DEBUG_INFO = NO;
				PRODUCT_NAME = "$(TARGET_NAME)";
				SDKROOT = iphoneos;
			};
			name = Release;
		};
		3B2E9BEB16A69C24F873EF07 /* Debug */ = {
			isa = XCBuildConfiguration;
			buildSettings = {
				ALWAYS_EMBED_SWIFT_STANDARD_LIBRARIES = YES;
				COMBINE_HIDPI_IMAGES = YES;
				DEBUG_INFORMATION_FORMAT = dwarf;
				ENABLE_STRICT_OBJC_MSGSEND = YES;
				FRAMEWORK_SEARCH_PATHS = "$(SRCROOT)/Carthage/Build/Mac";
				GCC_NO_COMMON_BLOCKS = YES;
				INFOPLIST_FILE = StaffViewTests/Info.plist;
				LD_RUNPATH_SEARCH_PATHS = "$(inherited) @executable_path/../Frameworks @loader_path/../Frameworks $(SRCROOT)/Carthage/Build/Mac";
				MACOSX_DEPLOYMENT_TARGET = 10.9;
				MTL_ENABLE_DEBUG_INFO = YES;
				PRODUCT_NAME = "$(TARGET_NAME)";
				SDKROOT = macosx;
			};
			name = Debug;
		};
		49966ABC82B1D9CFB8FD809C /* Release */ = {
			isa = XCBuildConfiguration;
			buildSettings = {
				ALWAYS_EMBED_SWIFT_STANDARD_LIBRARIES = NO;
				CLANG_ENABLE_MODULES = YES;
				"CODE_SIGN_IDENTITY[sdk=iphoneos*]" = "-";
				CURRENT_PROJECT_VERSION = 1;
				DEBUG_INFORMATION_FORMAT = "dwarf-with-dsym";
				DEFINES_MODULE = YES;
				DYLIB_COMPATIBILITY_VERSION = 1;
				DYLIB_CURRENT_VERSION = 1;
				DYLIB_INSTALL_NAME_BASE = "@rpath";
				ENABLE_STRICT_OBJC_MSGSEND = YES;
				FRAMEWORK_SEARCH_PATHS = "$(SRCROOT)/Carthage/Build/iOS";
				GCC_NO_COMMON_BLOCKS = YES;
				INFOPLIST_FILE = StaffView/Info.plist;
				INSTALL_PATH = "$(LOCAL_LIBRARY_DIR)/Frameworks";
				IPHONEOS_DEPLOYMENT_TARGET = 8.4;
				LD_RUNPATH_SEARCH_PATHS = "$(inherited) @executable_path/Frameworks @loader_path/Frameworks";
				MTL_ENABLE_DEBUG_INFO = NO;
				PRODUCT_BUNDLE_IDENTIFIER = "com.dn-m.StaffView";
				PRODUCT_NAME = StaffView;
				SDKROOT = iphoneos;
				SKIP_INSTALL = YES;
				SWIFT_VERSION = 3.0;
				TARGETED_DEVICE_FAMILY = "1,2";
				VERSIONING_SYSTEM = "apple-generic";
				VERSION_INFO_PREFIX = "";
			};
			name = Release;
		};
		5C4A2FB6CBE5836E45115DE6 /* Debug */ = {
			isa = XCBuildConfiguration;
			buildSettings = {
				ALWAYS_EMBED_SWIFT_STANDARD_LIBRARIES = NO;
				CLANG_ENABLE_MODULES = YES;
				"CODE_SIGN_IDENTITY[sdk=iphoneos*]" = "-";
				CURRENT_PROJECT_VERSION = 1;
				DEBUG_INFORMATION_FORMAT = dwarf;
				DEFINES_MODULE = YES;
				DYLIB_COMPATIBILITY_VERSION = 1;
				DYLIB_CURRENT_VERSION = 1;
				DYLIB_INSTALL_NAME_BASE = "@rpath";
				ENABLE_STRICT_OBJC_MSGSEND = YES;
				FRAMEWORK_SEARCH_PATHS = "$(SRCROOT)/Carthage/Build/iOS";
				GCC_NO_COMMON_BLOCKS = YES;
				INFOPLIST_FILE = StaffView/Info.plist;
				INSTALL_PATH = "$(LOCAL_LIBRARY_DIR)/Frameworks";
				IPHONEOS_DEPLOYMENT_TARGET = 8.4;
				LD_RUNPATH_SEARCH_PATHS = "$(inherited) @executable_path/Frameworks @loader_path/Frameworks";
				MTL_ENABLE_DEBUG_INFO = YES;
				PRODUCT_BUNDLE_IDENTIFIER = "com.dn-m.StaffView";
				PRODUCT_NAME = StaffView;
				SDKROOT = iphoneos;
				SKIP_INSTALL = YES;
				SWIFT_OPTIMIZATION_LEVEL = "-Onone";
				SWIFT_VERSION = 3.0;
				TARGETED_DEVICE_FAMILY = "1,2";
				VERSIONING_SYSTEM = "apple-generic";
				VERSION_INFO_PREFIX = "";
			};
			name = Debug;
		};
		832D7FDF14052F2976EDA1BC /* Release */ = {
			isa = XCBuildConfiguration;
			buildSettings = {
				ALWAYS_EMBED_SWIFT_STANDARD_LIBRARIES = YES;
				COMBINE_HIDPI_IMAGES = YES;
				DEBUG_INFORMATION_FORMAT = "dwarf-with-dsym";
				ENABLE_STRICT_OBJC_MSGSEND = YES;
				FRAMEWORK_SEARCH_PATHS = "$(SRCROOT)/Carthage/Build/Mac";
				GCC_NO_COMMON_BLOCKS = YES;
				INFOPLIST_FILE = StaffViewTests/Info.plist;
				LD_RUNPATH_SEARCH_PATHS = "$(inherited) @executable_path/../Frameworks @loader_path/../Frameworks $(SRCROOT)/Carthage/Build/Mac";
				MACOSX_DEPLOYMENT_TARGET = 10.9;
				MTL_ENABLE_DEBUG_INFO = NO;
				PRODUCT_NAME = "$(TARGET_NAME)";
				SDKROOT = macosx;
			};
			name = Release;
		};
		A8C8729A3EC044850BBC79D2 /* Debug */ = {
			isa = XCBuildConfiguration;
			buildSettings = {
				ALWAYS_SEARCH_USER_PATHS = NO;
				CLANG_ANALYZER_NONNULL = YES;
				CLANG_CXX_LANGUAGE_STANDARD = "gnu++0x";
				CLANG_CXX_LIBRARY = "libc++";
				CLANG_ENABLE_MODULES = YES;
				CLANG_ENABLE_OBJC_ARC = YES;
				CLANG_WARN_BOOL_CONVERSION = YES;
				CLANG_WARN_CONSTANT_CONVERSION = YES;
				CLANG_WARN_DIRECT_OBJC_ISA_USAGE = YES;
				CLANG_WARN_EMPTY_BODY = YES;
				CLANG_WARN_ENUM_CONVERSION = YES;
				CLANG_WARN_INFINITE_RECURSION = YES;
				CLANG_WARN_INT_CONVERSION = YES;
				CLANG_WARN_OBJC_ROOT_CLASS = YES;
				CLANG_WARN_SUSPICIOUS_MOVE = YES;
				CLANG_WARN_UNREACHABLE_CODE = YES;
				CLANG_WARN__DUPLICATE_METHOD_MATCH = YES;
				COPY_PHASE_STRIP = NO;
				ENABLE_BITCODE = NO;
				ENABLE_STRICT_OBJC_MSGSEND = YES;
				ENABLE_TESTABILITY = YES;
				GCC_C_LANGUAGE_STANDARD = gnu99;
				GCC_DYNAMIC_NO_PIC = NO;
				GCC_NO_COMMON_BLOCKS = YES;
				GCC_OPTIMIZATION_LEVEL = 0;
				GCC_PREPROCESSOR_DEFINITIONS = (
					"DEBUG=1",
					"$(inherited)",
				);
				GCC_SYMBOLS_PRIVATE_EXTERN = NO;
				GCC_WARN_64_TO_32_BIT_CONVERSION = YES;
				GCC_WARN_ABOUT_RETURN_TYPE = YES;
				GCC_WARN_UNDECLARED_SELECTOR = YES;
				GCC_WARN_UNINITIALIZED_AUTOS = YES;
				GCC_WARN_UNUSED_FUNCTION = YES;
				GCC_WARN_UNUSED_VARIABLE = YES;
				ONLY_ACTIVE_ARCH = YES;
				SWIFT_OPTIMIZATION_LEVEL = "-Owholemodule";
			};
			name = Debug;
		};
		ACE6905A7FA0A194AC28A897 /* Release */ = {
			isa = XCBuildConfiguration;
			buildSettings = {
				ALWAYS_SEARCH_USER_PATHS = NO;
				CLANG_ANALYZER_NONNULL = YES;
				CLANG_CXX_LANGUAGE_STANDARD = "gnu++0x";
				CLANG_CXX_LIBRARY = "libc++";
				CLANG_ENABLE_MODULES = YES;
				CLANG_ENABLE_OBJC_ARC = YES;
				CLANG_WARN_BOOL_CONVERSION = YES;
				CLANG_WARN_CONSTANT_CONVERSION = YES;
				CLANG_WARN_DIRECT_OBJC_ISA_USAGE = YES;
				CLANG_WARN_EMPTY_BODY = YES;
				CLANG_WARN_ENUM_CONVERSION = YES;
				CLANG_WARN_INFINITE_RECURSION = YES;
				CLANG_WARN_INT_CONVERSION = YES;
				CLANG_WARN_OBJC_ROOT_CLASS = YES;
				CLANG_WARN_SUSPICIOUS_MOVE = YES;
				CLANG_WARN_UNREACHABLE_CODE = YES;
				CLANG_WARN__DUPLICATE_METHOD_MATCH = YES;
				COPY_PHASE_STRIP = YES;
				ENABLE_BITCODE = NO;
				ENABLE_NS_ASSERTIONS = NO;
				ENABLE_STRICT_OBJC_MSGSEND = YES;
				GCC_C_LANGUAGE_STANDARD = gnu99;
				GCC_NO_COMMON_BLOCKS = YES;
				GCC_WARN_64_TO_32_BIT_CONVERSION = YES;
				GCC_WARN_ABOUT_RETURN_TYPE = YES;
				GCC_WARN_UNDECLARED_SELECTOR = YES;
				GCC_WARN_UNINITIALIZED_AUTOS = YES;
				GCC_WARN_UNUSED_FUNCTION = YES;
				GCC_WARN_UNUSED_VARIABLE = YES;
				SWIFT_OPTIMIZATION_LEVEL = "-Owholemodule";
				VALIDATE_PRODUCT = YES;
			};
			name = Release;
		};
		C6F406115C7E5F4081065063 /* Release */ = {
			isa = XCBuildConfiguration;
			buildSettings = {
				ALWAYS_EMBED_SWIFT_STANDARD_LIBRARIES = NO;
				CLANG_ENABLE_MODULES = YES;
				CODE_SIGN_IDENTITY = "-";
				"CODE_SIGN_IDENTITY[sdk=iphoneos*]" = "-";
				COMBINE_HIDPI_IMAGES = YES;
				CURRENT_PROJECT_VERSION = 1;
				DEBUG_INFORMATION_FORMAT = "dwarf-with-dsym";
				DEFINES_MODULE = YES;
				DYLIB_COMPATIBILITY_VERSION = 1;
				DYLIB_CURRENT_VERSION = 1;
				DYLIB_INSTALL_NAME_BASE = "@rpath";
				ENABLE_STRICT_OBJC_MSGSEND = YES;
				FRAMEWORK_SEARCH_PATHS = "$(SRCROOT)/Carthage/Build/Mac";
				FRAMEWORK_VERSION = A;
				GCC_NO_COMMON_BLOCKS = YES;
				INFOPLIST_FILE = StaffView/Info.plist;
				INSTALL_PATH = "$(LOCAL_LIBRARY_DIR)/Frameworks";
				LD_RUNPATH_SEARCH_PATHS = "$(inherited) @executable_path/../Frameworks @loader_path/Frameworks";
				MACOSX_DEPLOYMENT_TARGET = 10.9;
				MTL_ENABLE_DEBUG_INFO = NO;
				PRODUCT_BUNDLE_IDENTIFIER = "com.dn-m.StaffView";
				PRODUCT_NAME = StaffView;
				SDKROOT = macosx;
				SKIP_INSTALL = YES;
				SWIFT_VERSION = 3.0;
				VERSIONING_SYSTEM = "apple-generic";
				VERSION_INFO_PREFIX = "";
			};
			name = Release;
		};
/* End XCBuildConfiguration section */

/* Begin XCConfigurationList section */
		16276C044865B7F7FA6ADA68 /* Build configuration list for PBXProject "StaffView" */ = {
			isa = XCConfigurationList;
			buildConfigurations = (
				A8C8729A3EC044850BBC79D2 /* Debug */,
				ACE6905A7FA0A194AC28A897 /* Release */,
			);
			defaultConfigurationIsVisible = 0;
			defaultConfigurationName = Release;
		};
		1FA7416DA530650F5635085F /* Build configuration list for PBXNativeTarget "StaffView macOS Tests" */ = {
			isa = XCConfigurationList;
			buildConfigurations = (
				832D7FDF14052F2976EDA1BC /* Release */,
				3B2E9BEB16A69C24F873EF07 /* Debug */,
			);
			defaultConfigurationIsVisible = 0;
			defaultConfigurationName = Release;
		};
		B0712E3F0470F89F958745B4 /* Build configuration list for PBXNativeTarget "StaffView iOS" */ = {
			isa = XCConfigurationList;
			buildConfigurations = (
				49966ABC82B1D9CFB8FD809C /* Release */,
				5C4A2FB6CBE5836E45115DE6 /* Debug */,
			);
			defaultConfigurationIsVisible = 0;
			defaultConfigurationName = Release;
		};
		EBE4EA6CAC6A0C4BD00889AC /* Build configuration list for PBXNativeTarget "StaffView macOS" */ = {
			isa = XCConfigurationList;
			buildConfigurations = (
				C6F406115C7E5F4081065063 /* Release */,
				0E1C4154A7245EAA684E36B0 /* Debug */,
			);
			defaultConfigurationIsVisible = 0;
			defaultConfigurationName = Release;
		};
		ED4435F0A73602ACE7E9F7C8 /* Build configuration list for PBXNativeTarget "StaffView iOS Tests" */ = {
			isa = XCConfigurationList;
			buildConfigurations = (
				349EEEB40F57B99D360796F5 /* Release */,
				2A0E49EF255471555D6B57F1 /* Debug */,
			);
			defaultConfigurationIsVisible = 0;
			defaultConfigurationName = Release;
		};
/* End XCConfigurationList section */
	};
	rootObject = 784E4F6ECD541EDEC5CFB81F /* Project object */;
}
